// !$*UTF8*$!
{
	archiveVersion = 1;
	classes = {
	};
	objectVersion = 50;
	objects = {

/* Begin PBXBuildFile section */
		26D828DF8CF9F47E47153B0D /* Pods_toonitooni_toonitooniUITests.framework in Frameworks */ = {isa = PBXBuildFile; fileRef = 36F481430A31FCC422866DEB /* Pods_toonitooni_toonitooniUITests.framework */; };
		5C27FB9F1DDC46DD0A7602D0 /* Pods_toonitooni.framework in Frameworks */ = {isa = PBXBuildFile; fileRef = 4F65C350A6D3754F0372C673 /* Pods_toonitooni.framework */; };
		6B39CB9A2635B363009CE71C /* GeneralNavigationView.swift in Sources */ = {isa = PBXBuildFile; fileRef = 6B39CB992635B363009CE71C /* GeneralNavigationView.swift */; };
		6B39CBA22635B36F009CE71C /* GeneralNavigationView.xib in Resources */ = {isa = PBXBuildFile; fileRef = 6B39CBA12635B36F009CE71C /* GeneralNavigationView.xib */; };
		6B39CBAB2635B967009CE71C /* Base.storyboard in Resources */ = {isa = PBXBuildFile; fileRef = 6B39CBAA2635B967009CE71C /* Base.storyboard */; };
		6B39CBB02635B9BF009CE71C /* BaseTabBarViewController.swift in Sources */ = {isa = PBXBuildFile; fileRef = 6B39CBAF2635B9BF009CE71C /* BaseTabBarViewController.swift */; };
		6B39CBB62635BAFC009CE71C /* UIImage+Extension.swift in Sources */ = {isa = PBXBuildFile; fileRef = 6B39CBB52635BAFC009CE71C /* UIImage+Extension.swift */; };
		6B39CBBF2635BDF5009CE71C /* GeneralHelper.swift in Sources */ = {isa = PBXBuildFile; fileRef = 6B39CBBE2635BDF5009CE71C /* GeneralHelper.swift */; };
		6B39CBD32635BE9B009CE71C /* TabItem.swift in Sources */ = {isa = PBXBuildFile; fileRef = 6B39CBD22635BE9B009CE71C /* TabItem.swift */; };
		6B39CBDB2635BF03009CE71C /* BaseViewController.swift in Sources */ = {isa = PBXBuildFile; fileRef = 6B39CBDA2635BF03009CE71C /* BaseViewController.swift */; };
		6B39CBE02635BF1C009CE71C /* BaseCustomView.swift in Sources */ = {isa = PBXBuildFile; fileRef = 6B39CBDF2635BF1C009CE71C /* BaseCustomView.swift */; };
		6B39CBEA2635C36B009CE71C /* SplashViewController.swift in Sources */ = {isa = PBXBuildFile; fileRef = 6B39CBE92635C36B009CE71C /* SplashViewController.swift */; };
		6B39CBF22635C48B009CE71C /* Constants.swift in Sources */ = {isa = PBXBuildFile; fileRef = 6B39CBF12635C48B009CE71C /* Constants.swift */; };
		6B39CBFA2635C4C6009CE71C /* Splash.storyboard in Resources */ = {isa = PBXBuildFile; fileRef = 6B39CBF92635C4C6009CE71C /* Splash.storyboard */; };
		6B39CC0C2635C610009CE71C /* HomeViewController.swift in Sources */ = {isa = PBXBuildFile; fileRef = 6B39CC0B2635C610009CE71C /* HomeViewController.swift */; };
		6B39CC112635C61C009CE71C /* WeekViewController.swift in Sources */ = {isa = PBXBuildFile; fileRef = 6B39CC102635C61C009CE71C /* WeekViewController.swift */; };
		6B39CC162635C626009CE71C /* FavoriteViewController.swift in Sources */ = {isa = PBXBuildFile; fileRef = 6B39CC152635C626009CE71C /* FavoriteViewController.swift */; };
		6B39CC1B2635C631009CE71C /* SettingsViewController.swift in Sources */ = {isa = PBXBuildFile; fileRef = 6B39CC1A2635C631009CE71C /* SettingsViewController.swift */; };
		6B39CC202635C63B009CE71C /* Home.storyboard in Resources */ = {isa = PBXBuildFile; fileRef = 6B39CC1F2635C63B009CE71C /* Home.storyboard */; };
		6B39CC282635C71B009CE71C /* Week.storyboard in Resources */ = {isa = PBXBuildFile; fileRef = 6B39CC272635C71B009CE71C /* Week.storyboard */; };
		6B39CC2D2635C724009CE71C /* Favorite.storyboard in Resources */ = {isa = PBXBuildFile; fileRef = 6B39CC2C2635C724009CE71C /* Favorite.storyboard */; };
		6B39CC322635C72F009CE71C /* Settings.storyboard in Resources */ = {isa = PBXBuildFile; fileRef = 6B39CC312635C72F009CE71C /* Settings.storyboard */; };
		6B95B175262485A30069EBB0 /* AppDelegate.swift in Sources */ = {isa = PBXBuildFile; fileRef = 6B95B174262485A30069EBB0 /* AppDelegate.swift */; };
		6B95B177262485A30069EBB0 /* SceneDelegate.swift in Sources */ = {isa = PBXBuildFile; fileRef = 6B95B176262485A30069EBB0 /* SceneDelegate.swift */; };
		6B95B17E262485A40069EBB0 /* Assets.xcassets in Resources */ = {isa = PBXBuildFile; fileRef = 6B95B17D262485A40069EBB0 /* Assets.xcassets */; };
		6B95B181262485A40069EBB0 /* LaunchScreen.storyboard in Resources */ = {isa = PBXBuildFile; fileRef = 6B95B17F262485A40069EBB0 /* LaunchScreen.storyboard */; };
		6B95B18C262485A50069EBB0 /* toonitooniTests.swift in Sources */ = {isa = PBXBuildFile; fileRef = 6B95B18B262485A50069EBB0 /* toonitooniTests.swift */; };
		6B95B197262485A50069EBB0 /* toonitooniUITests.swift in Sources */ = {isa = PBXBuildFile; fileRef = 6B95B196262485A50069EBB0 /* toonitooniUITests.swift */; };
		6B95B2042624981A0069EBB0 /* AppDelegate+Setup.swift in Sources */ = {isa = PBXBuildFile; fileRef = 6B95B2032624981A0069EBB0 /* AppDelegate+Setup.swift */; };
		6BB576E32638FEBA00A64D16 /* WeekListViewController.swift in Sources */ = {isa = PBXBuildFile; fileRef = 6BB576E22638FEBA00A64D16 /* WeekListViewController.swift */; };
		6BB576EB2639034100A64D16 /* WeekMenuBarView.swift in Sources */ = {isa = PBXBuildFile; fileRef = 6BB576EA2639034100A64D16 /* WeekMenuBarView.swift */; };
		6BB576ED2639034700A64D16 /* WeekMenuBarView.xib in Resources */ = {isa = PBXBuildFile; fileRef = 6BB576EC2639034700A64D16 /* WeekMenuBarView.xib */; };
		6BB576F02639046600A64D16 /* WeekMenuBarItem.swift in Sources */ = {isa = PBXBuildFile; fileRef = 6BB576EF2639046600A64D16 /* WeekMenuBarItem.swift */; };
		6BB576F2263909F200A64D16 /* UIView+Extension.swift in Sources */ = {isa = PBXBuildFile; fileRef = 6BB576F1263909F200A64D16 /* UIView+Extension.swift */; };
		6BB576FB26391D9000A64D16 /* WeekMenuBarItemCell.swift in Sources */ = {isa = PBXBuildFile; fileRef = 6BB576F926391D9000A64D16 /* WeekMenuBarItemCell.swift */; };
		6BB576FC26391D9000A64D16 /* WeekMenuBarItemCell.xib in Resources */ = {isa = PBXBuildFile; fileRef = 6BB576FA26391D9000A64D16 /* WeekMenuBarItemCell.xib */; };
		6BB576FF263922DD00A64D16 /* WeekCategoryView.swift in Sources */ = {isa = PBXBuildFile; fileRef = 6BB576FE263922DD00A64D16 /* WeekCategoryView.swift */; };
		6BB57701263922E600A64D16 /* WeekCategoryView.xib in Resources */ = {isa = PBXBuildFile; fileRef = 6BB57700263922E600A64D16 /* WeekCategoryView.xib */; };
		6BB577042639234400A64D16 /* WeekCategoryItemCell.swift in Sources */ = {isa = PBXBuildFile; fileRef = 6BB577022639234400A64D16 /* WeekCategoryItemCell.swift */; };
		6BB577052639234400A64D16 /* WeekCategoryItemCell.xib in Resources */ = {isa = PBXBuildFile; fileRef = 6BB577032639234400A64D16 /* WeekCategoryItemCell.xib */; };
		6BB577152639499100A64D16 /* WeekWebToonListCell.swift in Sources */ = {isa = PBXBuildFile; fileRef = 6BB577132639499100A64D16 /* WeekWebToonListCell.swift */; };
		6BB577162639499100A64D16 /* WeekWebToonListCell.xib in Resources */ = {isa = PBXBuildFile; fileRef = 6BB577142639499100A64D16 /* WeekWebToonListCell.xib */; };
		6BB5771926394B2900A64D16 /* WeekWebToonCell.swift in Sources */ = {isa = PBXBuildFile; fileRef = 6BB5771726394B2900A64D16 /* WeekWebToonCell.swift */; };
		6BB5771A26394B2900A64D16 /* WeekWebToonCell.xib in Resources */ = {isa = PBXBuildFile; fileRef = 6BB5771826394B2900A64D16 /* WeekWebToonCell.xib */; };
		6BB5771C263950F600A64D16 /* WebToon.swift in Sources */ = {isa = PBXBuildFile; fileRef = 6BB5771B263950F600A64D16 /* WebToon.swift */; };
		9D9DA83D37EAF37559AC0A52 /* Pods_toonitooniTests.framework in Frameworks */ = {isa = PBXBuildFile; fileRef = CEB03A84F6AF51C62EA7FA49 /* Pods_toonitooniTests.framework */; };
/* End PBXBuildFile section */

/* Begin PBXContainerItemProxy section */
		6B95B188262485A50069EBB0 /* PBXContainerItemProxy */ = {
			isa = PBXContainerItemProxy;
			containerPortal = 6B95B169262485A30069EBB0 /* Project object */;
			proxyType = 1;
			remoteGlobalIDString = 6B95B170262485A30069EBB0;
			remoteInfo = toonitooni;
		};
		6B95B193262485A50069EBB0 /* PBXContainerItemProxy */ = {
			isa = PBXContainerItemProxy;
			containerPortal = 6B95B169262485A30069EBB0 /* Project object */;
			proxyType = 1;
			remoteGlobalIDString = 6B95B170262485A30069EBB0;
			remoteInfo = toonitooni;
		};
/* End PBXContainerItemProxy section */

/* Begin PBXFileReference section */
		0788CE0EFA6CD264F00DD117 /* Pods-toonitooni.debug.xcconfig */ = {isa = PBXFileReference; includeInIndex = 1; lastKnownFileType = text.xcconfig; name = "Pods-toonitooni.debug.xcconfig"; path = "Target Support Files/Pods-toonitooni/Pods-toonitooni.debug.xcconfig"; sourceTree = "<group>"; };
		31C5D72E0A577F83B6F31F17 /* Pods-toonitooniTests.release.xcconfig */ = {isa = PBXFileReference; includeInIndex = 1; lastKnownFileType = text.xcconfig; name = "Pods-toonitooniTests.release.xcconfig"; path = "Target Support Files/Pods-toonitooniTests/Pods-toonitooniTests.release.xcconfig"; sourceTree = "<group>"; };
		36F481430A31FCC422866DEB /* Pods_toonitooni_toonitooniUITests.framework */ = {isa = PBXFileReference; explicitFileType = wrapper.framework; includeInIndex = 0; path = Pods_toonitooni_toonitooniUITests.framework; sourceTree = BUILT_PRODUCTS_DIR; };
		4F65C350A6D3754F0372C673 /* Pods_toonitooni.framework */ = {isa = PBXFileReference; explicitFileType = wrapper.framework; includeInIndex = 0; path = Pods_toonitooni.framework; sourceTree = BUILT_PRODUCTS_DIR; };
		50CCF8DAC5BAD994B3DBA505 /* Pods-toonitooni-toonitooniUITests.debug.xcconfig */ = {isa = PBXFileReference; includeInIndex = 1; lastKnownFileType = text.xcconfig; name = "Pods-toonitooni-toonitooniUITests.debug.xcconfig"; path = "Target Support Files/Pods-toonitooni-toonitooniUITests/Pods-toonitooni-toonitooniUITests.debug.xcconfig"; sourceTree = "<group>"; };
		5F235FAE4F55C2638EEA3FAF /* Pods-toonitooniTests.debug.xcconfig */ = {isa = PBXFileReference; includeInIndex = 1; lastKnownFileType = text.xcconfig; name = "Pods-toonitooniTests.debug.xcconfig"; path = "Target Support Files/Pods-toonitooniTests/Pods-toonitooniTests.debug.xcconfig"; sourceTree = "<group>"; };
		5FB993B93002662F89CA77E8 /* Pods-toonitooni-toonitooniUITests.release.xcconfig */ = {isa = PBXFileReference; includeInIndex = 1; lastKnownFileType = text.xcconfig; name = "Pods-toonitooni-toonitooniUITests.release.xcconfig"; path = "Target Support Files/Pods-toonitooni-toonitooniUITests/Pods-toonitooni-toonitooniUITests.release.xcconfig"; sourceTree = "<group>"; };
		6B39CB992635B363009CE71C /* GeneralNavigationView.swift */ = {isa = PBXFileReference; lastKnownFileType = sourcecode.swift; path = GeneralNavigationView.swift; sourceTree = "<group>"; };
		6B39CBA12635B36F009CE71C /* GeneralNavigationView.xib */ = {isa = PBXFileReference; lastKnownFileType = file.xib; path = GeneralNavigationView.xib; sourceTree = "<group>"; };
		6B39CBAA2635B967009CE71C /* Base.storyboard */ = {isa = PBXFileReference; lastKnownFileType = file.storyboard; path = Base.storyboard; sourceTree = "<group>"; };
		6B39CBAF2635B9BF009CE71C /* BaseTabBarViewController.swift */ = {isa = PBXFileReference; lastKnownFileType = sourcecode.swift; path = BaseTabBarViewController.swift; sourceTree = "<group>"; };
		6B39CBB52635BAFC009CE71C /* UIImage+Extension.swift */ = {isa = PBXFileReference; lastKnownFileType = sourcecode.swift; path = "UIImage+Extension.swift"; sourceTree = "<group>"; };
		6B39CBBE2635BDF5009CE71C /* GeneralHelper.swift */ = {isa = PBXFileReference; lastKnownFileType = sourcecode.swift; path = GeneralHelper.swift; sourceTree = "<group>"; };
		6B39CBD22635BE9B009CE71C /* TabItem.swift */ = {isa = PBXFileReference; lastKnownFileType = sourcecode.swift; path = TabItem.swift; sourceTree = "<group>"; };
		6B39CBDA2635BF03009CE71C /* BaseViewController.swift */ = {isa = PBXFileReference; lastKnownFileType = sourcecode.swift; path = BaseViewController.swift; sourceTree = "<group>"; };
		6B39CBDF2635BF1C009CE71C /* BaseCustomView.swift */ = {isa = PBXFileReference; lastKnownFileType = sourcecode.swift; path = BaseCustomView.swift; sourceTree = "<group>"; };
		6B39CBE92635C36B009CE71C /* SplashViewController.swift */ = {isa = PBXFileReference; lastKnownFileType = sourcecode.swift; path = SplashViewController.swift; sourceTree = "<group>"; };
		6B39CBF12635C48B009CE71C /* Constants.swift */ = {isa = PBXFileReference; lastKnownFileType = sourcecode.swift; path = Constants.swift; sourceTree = "<group>"; };
		6B39CBF92635C4C6009CE71C /* Splash.storyboard */ = {isa = PBXFileReference; lastKnownFileType = file.storyboard; path = Splash.storyboard; sourceTree = "<group>"; };
		6B39CC0B2635C610009CE71C /* HomeViewController.swift */ = {isa = PBXFileReference; lastKnownFileType = sourcecode.swift; path = HomeViewController.swift; sourceTree = "<group>"; };
		6B39CC102635C61C009CE71C /* WeekViewController.swift */ = {isa = PBXFileReference; lastKnownFileType = sourcecode.swift; path = WeekViewController.swift; sourceTree = "<group>"; };
		6B39CC152635C626009CE71C /* FavoriteViewController.swift */ = {isa = PBXFileReference; lastKnownFileType = sourcecode.swift; path = FavoriteViewController.swift; sourceTree = "<group>"; };
		6B39CC1A2635C631009CE71C /* SettingsViewController.swift */ = {isa = PBXFileReference; lastKnownFileType = sourcecode.swift; path = SettingsViewController.swift; sourceTree = "<group>"; };
		6B39CC1F2635C63B009CE71C /* Home.storyboard */ = {isa = PBXFileReference; lastKnownFileType = file.storyboard; path = Home.storyboard; sourceTree = "<group>"; };
		6B39CC272635C71B009CE71C /* Week.storyboard */ = {isa = PBXFileReference; lastKnownFileType = file.storyboard; path = Week.storyboard; sourceTree = "<group>"; };
		6B39CC2C2635C724009CE71C /* Favorite.storyboard */ = {isa = PBXFileReference; lastKnownFileType = file.storyboard; path = Favorite.storyboard; sourceTree = "<group>"; };
		6B39CC312635C72F009CE71C /* Settings.storyboard */ = {isa = PBXFileReference; lastKnownFileType = file.storyboard; path = Settings.storyboard; sourceTree = "<group>"; };
		6B95B171262485A30069EBB0 /* toonitooni.app */ = {isa = PBXFileReference; explicitFileType = wrapper.application; includeInIndex = 0; path = toonitooni.app; sourceTree = BUILT_PRODUCTS_DIR; };
		6B95B174262485A30069EBB0 /* AppDelegate.swift */ = {isa = PBXFileReference; lastKnownFileType = sourcecode.swift; path = AppDelegate.swift; sourceTree = "<group>"; };
		6B95B176262485A30069EBB0 /* SceneDelegate.swift */ = {isa = PBXFileReference; lastKnownFileType = sourcecode.swift; path = SceneDelegate.swift; sourceTree = "<group>"; };
		6B95B17D262485A40069EBB0 /* Assets.xcassets */ = {isa = PBXFileReference; lastKnownFileType = folder.assetcatalog; path = Assets.xcassets; sourceTree = "<group>"; };
		6B95B180262485A40069EBB0 /* Base */ = {isa = PBXFileReference; lastKnownFileType = file.storyboard; name = Base; path = Base.lproj/LaunchScreen.storyboard; sourceTree = "<group>"; };
		6B95B182262485A40069EBB0 /* Info.plist */ = {isa = PBXFileReference; lastKnownFileType = text.plist.xml; path = Info.plist; sourceTree = "<group>"; };
		6B95B187262485A50069EBB0 /* toonitooniTests.xctest */ = {isa = PBXFileReference; explicitFileType = wrapper.cfbundle; includeInIndex = 0; path = toonitooniTests.xctest; sourceTree = BUILT_PRODUCTS_DIR; };
		6B95B18B262485A50069EBB0 /* toonitooniTests.swift */ = {isa = PBXFileReference; lastKnownFileType = sourcecode.swift; path = toonitooniTests.swift; sourceTree = "<group>"; };
		6B95B18D262485A50069EBB0 /* Info.plist */ = {isa = PBXFileReference; lastKnownFileType = text.plist.xml; path = Info.plist; sourceTree = "<group>"; };
		6B95B192262485A50069EBB0 /* toonitooniUITests.xctest */ = {isa = PBXFileReference; explicitFileType = wrapper.cfbundle; includeInIndex = 0; path = toonitooniUITests.xctest; sourceTree = BUILT_PRODUCTS_DIR; };
		6B95B196262485A50069EBB0 /* toonitooniUITests.swift */ = {isa = PBXFileReference; lastKnownFileType = sourcecode.swift; path = toonitooniUITests.swift; sourceTree = "<group>"; };
		6B95B198262485A50069EBB0 /* Info.plist */ = {isa = PBXFileReference; lastKnownFileType = text.plist.xml; path = Info.plist; sourceTree = "<group>"; };
		6B95B2032624981A0069EBB0 /* AppDelegate+Setup.swift */ = {isa = PBXFileReference; lastKnownFileType = sourcecode.swift; path = "AppDelegate+Setup.swift"; sourceTree = "<group>"; };
		6BB576E22638FEBA00A64D16 /* WeekListViewController.swift */ = {isa = PBXFileReference; lastKnownFileType = sourcecode.swift; path = WeekListViewController.swift; sourceTree = "<group>"; };
		6BB576EA2639034100A64D16 /* WeekMenuBarView.swift */ = {isa = PBXFileReference; lastKnownFileType = sourcecode.swift; path = WeekMenuBarView.swift; sourceTree = "<group>"; };
		6BB576EC2639034700A64D16 /* WeekMenuBarView.xib */ = {isa = PBXFileReference; lastKnownFileType = file.xib; path = WeekMenuBarView.xib; sourceTree = "<group>"; };
		6BB576EF2639046600A64D16 /* WeekMenuBarItem.swift */ = {isa = PBXFileReference; lastKnownFileType = sourcecode.swift; path = WeekMenuBarItem.swift; sourceTree = "<group>"; };
		6BB576F1263909F200A64D16 /* UIView+Extension.swift */ = {isa = PBXFileReference; lastKnownFileType = sourcecode.swift; path = "UIView+Extension.swift"; sourceTree = "<group>"; };
		6BB576F926391D9000A64D16 /* WeekMenuBarItemCell.swift */ = {isa = PBXFileReference; lastKnownFileType = sourcecode.swift; path = WeekMenuBarItemCell.swift; sourceTree = "<group>"; };
		6BB576FA26391D9000A64D16 /* WeekMenuBarItemCell.xib */ = {isa = PBXFileReference; lastKnownFileType = file.xib; path = WeekMenuBarItemCell.xib; sourceTree = "<group>"; };
		6BB576FE263922DD00A64D16 /* WeekCategoryView.swift */ = {isa = PBXFileReference; lastKnownFileType = sourcecode.swift; path = WeekCategoryView.swift; sourceTree = "<group>"; };
		6BB57700263922E600A64D16 /* WeekCategoryView.xib */ = {isa = PBXFileReference; lastKnownFileType = file.xib; path = WeekCategoryView.xib; sourceTree = "<group>"; };
		6BB577022639234400A64D16 /* WeekCategoryItemCell.swift */ = {isa = PBXFileReference; lastKnownFileType = sourcecode.swift; path = WeekCategoryItemCell.swift; sourceTree = "<group>"; };
		6BB577032639234400A64D16 /* WeekCategoryItemCell.xib */ = {isa = PBXFileReference; lastKnownFileType = file.xib; path = WeekCategoryItemCell.xib; sourceTree = "<group>"; };
		6BB577132639499100A64D16 /* WeekWebToonListCell.swift */ = {isa = PBXFileReference; lastKnownFileType = sourcecode.swift; path = WeekWebToonListCell.swift; sourceTree = "<group>"; };
		6BB577142639499100A64D16 /* WeekWebToonListCell.xib */ = {isa = PBXFileReference; lastKnownFileType = file.xib; path = WeekWebToonListCell.xib; sourceTree = "<group>"; };
		6BB5771726394B2900A64D16 /* WeekWebToonCell.swift */ = {isa = PBXFileReference; lastKnownFileType = sourcecode.swift; path = WeekWebToonCell.swift; sourceTree = "<group>"; };
		6BB5771826394B2900A64D16 /* WeekWebToonCell.xib */ = {isa = PBXFileReference; lastKnownFileType = file.xib; path = WeekWebToonCell.xib; sourceTree = "<group>"; };
		6BB5771B263950F600A64D16 /* WebToon.swift */ = {isa = PBXFileReference; lastKnownFileType = sourcecode.swift; path = WebToon.swift; sourceTree = "<group>"; };
		AB4B75019FA6F9C3E57E699F /* Pods-toonitooni.release.xcconfig */ = {isa = PBXFileReference; includeInIndex = 1; lastKnownFileType = text.xcconfig; name = "Pods-toonitooni.release.xcconfig"; path = "Target Support Files/Pods-toonitooni/Pods-toonitooni.release.xcconfig"; sourceTree = "<group>"; };
		CEB03A84F6AF51C62EA7FA49 /* Pods_toonitooniTests.framework */ = {isa = PBXFileReference; explicitFileType = wrapper.framework; includeInIndex = 0; path = Pods_toonitooniTests.framework; sourceTree = BUILT_PRODUCTS_DIR; };
/* End PBXFileReference section */

/* Begin PBXFrameworksBuildPhase section */
		6B95B16E262485A30069EBB0 /* Frameworks */ = {
			isa = PBXFrameworksBuildPhase;
			buildActionMask = 2147483647;
			files = (
				5C27FB9F1DDC46DD0A7602D0 /* Pods_toonitooni.framework in Frameworks */,
			);
			runOnlyForDeploymentPostprocessing = 0;
		};
		6B95B184262485A50069EBB0 /* Frameworks */ = {
			isa = PBXFrameworksBuildPhase;
			buildActionMask = 2147483647;
			files = (
				9D9DA83D37EAF37559AC0A52 /* Pods_toonitooniTests.framework in Frameworks */,
			);
			runOnlyForDeploymentPostprocessing = 0;
		};
		6B95B18F262485A50069EBB0 /* Frameworks */ = {
			isa = PBXFrameworksBuildPhase;
			buildActionMask = 2147483647;
			files = (
				26D828DF8CF9F47E47153B0D /* Pods_toonitooni_toonitooniUITests.framework in Frameworks */,
			);
			runOnlyForDeploymentPostprocessing = 0;
		};
/* End PBXFrameworksBuildPhase section */

/* Begin PBXGroup section */
		6B39CB982635B331009CE71C /* Views */ = {
			isa = PBXGroup;
			children = (
				6B39CB992635B363009CE71C /* GeneralNavigationView.swift */,
				6B39CBA12635B36F009CE71C /* GeneralNavigationView.xib */,
			);
			path = Views;
			sourceTree = "<group>";
		};
		6B39CBA62635B891009CE71C /* Base */ = {
			isa = PBXGroup;
			children = (
				6B39CBAA2635B967009CE71C /* Base.storyboard */,
				6B39CBAF2635B9BF009CE71C /* BaseTabBarViewController.swift */,
				6B39CBDA2635BF03009CE71C /* BaseViewController.swift */,
				6B39CBDF2635BF1C009CE71C /* BaseCustomView.swift */,
			);
			path = Base;
			sourceTree = "<group>";
		};
		6B39CBB42635BAD5009CE71C /* Extensions */ = {
			isa = PBXGroup;
			children = (
				6B39CBB52635BAFC009CE71C /* UIImage+Extension.swift */,
				6BB576F1263909F200A64D16 /* UIView+Extension.swift */,
			);
			path = Extensions;
			sourceTree = "<group>";
		};
		6B39CBC62635BE21009CE71C /* Helpers */ = {
			isa = PBXGroup;
			children = (
				6B39CBBE2635BDF5009CE71C /* GeneralHelper.swift */,
			);
			path = Helpers;
			sourceTree = "<group>";
		};
		6B39CBD02635BE62009CE71C /* Common */ = {
			isa = PBXGroup;
			children = (
				6B39CBF12635C48B009CE71C /* Constants.swift */,
				6B39CBA62635B891009CE71C /* Base */,
				6B39CB982635B331009CE71C /* Views */,
			);
			path = Common;
			sourceTree = "<group>";
		};
		6B39CBD12635BE84009CE71C /* Models */ = {
			isa = PBXGroup;
			children = (
				6B39CBD22635BE9B009CE71C /* TabItem.swift */,
				6BB5771B263950F600A64D16 /* WebToon.swift */,
			);
			path = Models;
			sourceTree = "<group>";
		};
		6B39CBE72635C347009CE71C /* Scenes */ = {
			isa = PBXGroup;
			children = (
				6B39CBE82635C357009CE71C /* Splash */,
				6B39CC072635C5E1009CE71C /* Home */,
				6B39CC082635C5E8009CE71C /* Week */,
				6B39CC092635C5ED009CE71C /* Favorite */,
				6B39CC0A2635C5F3009CE71C /* Settings */,
			);
			path = Scenes;
			sourceTree = "<group>";
		};
		6B39CBE82635C357009CE71C /* Splash */ = {
			isa = PBXGroup;
			children = (
				6B39CBF92635C4C6009CE71C /* Splash.storyboard */,
				6B39CBE92635C36B009CE71C /* SplashViewController.swift */,
			);
			path = Splash;
			sourceTree = "<group>";
		};
		6B39CC072635C5E1009CE71C /* Home */ = {
			isa = PBXGroup;
			children = (
				6B39CC1F2635C63B009CE71C /* Home.storyboard */,
				6B39CC0B2635C610009CE71C /* HomeViewController.swift */,
			);
			path = Home;
			sourceTree = "<group>";
		};
		6B39CC082635C5E8009CE71C /* Week */ = {
			isa = PBXGroup;
			children = (
				6BB576FD2639225C00A64D16 /* Views */,
				6B39CC272635C71B009CE71C /* Week.storyboard */,
				6BB576EF2639046600A64D16 /* WeekMenuBarItem.swift */,
				6B39CC102635C61C009CE71C /* WeekViewController.swift */,
				6BB576E22638FEBA00A64D16 /* WeekListViewController.swift */,
			);
			path = Week;
			sourceTree = "<group>";
		};
		6B39CC092635C5ED009CE71C /* Favorite */ = {
			isa = PBXGroup;
			children = (
				6B39CC2C2635C724009CE71C /* Favorite.storyboard */,
				6B39CC152635C626009CE71C /* FavoriteViewController.swift */,
			);
			path = Favorite;
			sourceTree = "<group>";
		};
		6B39CC0A2635C5F3009CE71C /* Settings */ = {
			isa = PBXGroup;
			children = (
				6B39CC312635C72F009CE71C /* Settings.storyboard */,
				6B39CC1A2635C631009CE71C /* SettingsViewController.swift */,
			);
			path = Settings;
			sourceTree = "<group>";
		};
		6B95B168262485A30069EBB0 = {
			isa = PBXGroup;
			children = (
				6B95B173262485A30069EBB0 /* toonitooni */,
				6B95B18A262485A50069EBB0 /* toonitooniTests */,
				6B95B195262485A50069EBB0 /* toonitooniUITests */,
				6B95B172262485A30069EBB0 /* Products */,
				87A812CEE5D9CCEB058DD2CC /* Pods */,
				F449AEA6F6BD5D6D9EA757F2 /* Frameworks */,
			);
			sourceTree = "<group>";
		};
		6B95B172262485A30069EBB0 /* Products */ = {
			isa = PBXGroup;
			children = (
				6B95B171262485A30069EBB0 /* toonitooni.app */,
				6B95B187262485A50069EBB0 /* toonitooniTests.xctest */,
				6B95B192262485A50069EBB0 /* toonitooniUITests.xctest */,
			);
			name = Products;
			sourceTree = "<group>";
		};
		6B95B173262485A30069EBB0 /* toonitooni */ = {
			isa = PBXGroup;
			children = (
				6B95B1AC262485FB0069EBB0 /* Core */,
				6B39CBE72635C347009CE71C /* Scenes */,
				6B39CBD12635BE84009CE71C /* Models */,
				6B39CBD02635BE62009CE71C /* Common */,
				6B39CBB42635BAD5009CE71C /* Extensions */,
				6B95B1AE2624861F0069EBB0 /* Resources */,
			);
			path = toonitooni;
			sourceTree = "<group>";
		};
		6B95B18A262485A50069EBB0 /* toonitooniTests */ = {
			isa = PBXGroup;
			children = (
				6B95B18B262485A50069EBB0 /* toonitooniTests.swift */,
				6B95B18D262485A50069EBB0 /* Info.plist */,
			);
			path = toonitooniTests;
			sourceTree = "<group>";
		};
		6B95B195262485A50069EBB0 /* toonitooniUITests */ = {
			isa = PBXGroup;
			children = (
				6B95B196262485A50069EBB0 /* toonitooniUITests.swift */,
				6B95B198262485A50069EBB0 /* Info.plist */,
			);
			path = toonitooniUITests;
			sourceTree = "<group>";
		};
		6B95B1AC262485FB0069EBB0 /* Core */ = {
			isa = PBXGroup;
			children = (
				6B95B174262485A30069EBB0 /* AppDelegate.swift */,
				6B95B2032624981A0069EBB0 /* AppDelegate+Setup.swift */,
				6B95B176262485A30069EBB0 /* SceneDelegate.swift */,
				6B39CBC62635BE21009CE71C /* Helpers */,
			);
			path = Core;
			sourceTree = "<group>";
		};
		6B95B1AE2624861F0069EBB0 /* Resources */ = {
			isa = PBXGroup;
			children = (
				6B95B182262485A40069EBB0 /* Info.plist */,
				6B95B17D262485A40069EBB0 /* Assets.xcassets */,
				6B95B17F262485A40069EBB0 /* LaunchScreen.storyboard */,
			);
			path = Resources;
			sourceTree = "<group>";
		};
		6BB576EE2639042500A64D16 /* Cells */ = {
			isa = PBXGroup;
			children = (
				6BB576F926391D9000A64D16 /* WeekMenuBarItemCell.swift */,
				6BB576FA26391D9000A64D16 /* WeekMenuBarItemCell.xib */,
				6BB577022639234400A64D16 /* WeekCategoryItemCell.swift */,
				6BB577032639234400A64D16 /* WeekCategoryItemCell.xib */,
				6BB577132639499100A64D16 /* WeekWebToonListCell.swift */,
				6BB577142639499100A64D16 /* WeekWebToonListCell.xib */,
				6BB5771726394B2900A64D16 /* WeekWebToonCell.swift */,
				6BB5771826394B2900A64D16 /* WeekWebToonCell.xib */,
			);
			path = Cells;
			sourceTree = "<group>";
		};
		6BB576FD2639225C00A64D16 /* Views */ = {
			isa = PBXGroup;
			children = (
				6BB576EE2639042500A64D16 /* Cells */,
				6BB576EA2639034100A64D16 /* WeekMenuBarView.swift */,
				6BB576EC2639034700A64D16 /* WeekMenuBarView.xib */,
				6BB576FE263922DD00A64D16 /* WeekCategoryView.swift */,
				6BB57700263922E600A64D16 /* WeekCategoryView.xib */,
			);
			path = Views;
			sourceTree = "<group>";
		};
		87A812CEE5D9CCEB058DD2CC /* Pods */ = {
			isa = PBXGroup;
			children = (
				0788CE0EFA6CD264F00DD117 /* Pods-toonitooni.debug.xcconfig */,
				AB4B75019FA6F9C3E57E699F /* Pods-toonitooni.release.xcconfig */,
				50CCF8DAC5BAD994B3DBA505 /* Pods-toonitooni-toonitooniUITests.debug.xcconfig */,
				5FB993B93002662F89CA77E8 /* Pods-toonitooni-toonitooniUITests.release.xcconfig */,
				5F235FAE4F55C2638EEA3FAF /* Pods-toonitooniTests.debug.xcconfig */,
				31C5D72E0A577F83B6F31F17 /* Pods-toonitooniTests.release.xcconfig */,
			);
			path = Pods;
			sourceTree = "<group>";
		};
		F449AEA6F6BD5D6D9EA757F2 /* Frameworks */ = {
			isa = PBXGroup;
			children = (
				4F65C350A6D3754F0372C673 /* Pods_toonitooni.framework */,
				36F481430A31FCC422866DEB /* Pods_toonitooni_toonitooniUITests.framework */,
				CEB03A84F6AF51C62EA7FA49 /* Pods_toonitooniTests.framework */,
			);
			name = Frameworks;
			sourceTree = "<group>";
		};
/* End PBXGroup section */

/* Begin PBXNativeTarget section */
		6B95B170262485A30069EBB0 /* toonitooni */ = {
			isa = PBXNativeTarget;
			buildConfigurationList = 6B95B19B262485A50069EBB0 /* Build configuration list for PBXNativeTarget "toonitooni" */;
			buildPhases = (
				124FE1C471283EB829B9FF4F /* [CP] Check Pods Manifest.lock */,
				6B95B16D262485A30069EBB0 /* Sources */,
				6B95B16E262485A30069EBB0 /* Frameworks */,
				6B95B16F262485A30069EBB0 /* Resources */,
			);
			buildRules = (
			);
			dependencies = (
			);
			name = toonitooni;
			productName = toonitooni;
			productReference = 6B95B171262485A30069EBB0 /* toonitooni.app */;
			productType = "com.apple.product-type.application";
		};
		6B95B186262485A50069EBB0 /* toonitooniTests */ = {
			isa = PBXNativeTarget;
			buildConfigurationList = 6B95B19E262485A50069EBB0 /* Build configuration list for PBXNativeTarget "toonitooniTests" */;
			buildPhases = (
				EE2B7B8E6F61235BD987E5BC /* [CP] Check Pods Manifest.lock */,
				6B95B183262485A50069EBB0 /* Sources */,
				6B95B184262485A50069EBB0 /* Frameworks */,
				6B95B185262485A50069EBB0 /* Resources */,
			);
			buildRules = (
			);
			dependencies = (
				6B95B189262485A50069EBB0 /* PBXTargetDependency */,
			);
			name = toonitooniTests;
			productName = toonitooniTests;
			productReference = 6B95B187262485A50069EBB0 /* toonitooniTests.xctest */;
			productType = "com.apple.product-type.bundle.unit-test";
		};
		6B95B191262485A50069EBB0 /* toonitooniUITests */ = {
			isa = PBXNativeTarget;
			buildConfigurationList = 6B95B1A1262485A50069EBB0 /* Build configuration list for PBXNativeTarget "toonitooniUITests" */;
			buildPhases = (
				C3E554CBA1F8D6220AAFDF85 /* [CP] Check Pods Manifest.lock */,
				6B95B18E262485A50069EBB0 /* Sources */,
				6B95B18F262485A50069EBB0 /* Frameworks */,
				6B95B190262485A50069EBB0 /* Resources */,
			);
			buildRules = (
			);
			dependencies = (
				6B95B194262485A50069EBB0 /* PBXTargetDependency */,
			);
			name = toonitooniUITests;
			productName = toonitooniUITests;
			productReference = 6B95B192262485A50069EBB0 /* toonitooniUITests.xctest */;
			productType = "com.apple.product-type.bundle.ui-testing";
		};
/* End PBXNativeTarget section */

/* Begin PBXProject section */
		6B95B169262485A30069EBB0 /* Project object */ = {
			isa = PBXProject;
			attributes = {
				LastSwiftUpdateCheck = 1240;
				LastUpgradeCheck = 1240;
				TargetAttributes = {
					6B95B170262485A30069EBB0 = {
						CreatedOnToolsVersion = 12.4;
					};
					6B95B186262485A50069EBB0 = {
						CreatedOnToolsVersion = 12.4;
						TestTargetID = 6B95B170262485A30069EBB0;
					};
					6B95B191262485A50069EBB0 = {
						CreatedOnToolsVersion = 12.4;
						TestTargetID = 6B95B170262485A30069EBB0;
					};
				};
			};
			buildConfigurationList = 6B95B16C262485A30069EBB0 /* Build configuration list for PBXProject "toonitooni" */;
			compatibilityVersion = "Xcode 9.3";
			developmentRegion = en;
			hasScannedForEncodings = 0;
			knownRegions = (
				en,
				Base,
			);
			mainGroup = 6B95B168262485A30069EBB0;
			productRefGroup = 6B95B172262485A30069EBB0 /* Products */;
			projectDirPath = "";
			projectRoot = "";
			targets = (
				6B95B170262485A30069EBB0 /* toonitooni */,
				6B95B186262485A50069EBB0 /* toonitooniTests */,
				6B95B191262485A50069EBB0 /* toonitooniUITests */,
			);
		};
/* End PBXProject section */

/* Begin PBXResourcesBuildPhase section */
		6B95B16F262485A30069EBB0 /* Resources */ = {
			isa = PBXResourcesBuildPhase;
			buildActionMask = 2147483647;
			files = (
				6BB5771A26394B2900A64D16 /* WeekWebToonCell.xib in Resources */,
				6BB576ED2639034700A64D16 /* WeekMenuBarView.xib in Resources */,
				6B95B181262485A40069EBB0 /* LaunchScreen.storyboard in Resources */,
				6B39CBAB2635B967009CE71C /* Base.storyboard in Resources */,
				6BB577162639499100A64D16 /* WeekWebToonListCell.xib in Resources */,
				6B39CC2D2635C724009CE71C /* Favorite.storyboard in Resources */,
				6B95B17E262485A40069EBB0 /* Assets.xcassets in Resources */,
				6B39CC202635C63B009CE71C /* Home.storyboard in Resources */,
				6BB576FC26391D9000A64D16 /* WeekMenuBarItemCell.xib in Resources */,
				6B39CBFA2635C4C6009CE71C /* Splash.storyboard in Resources */,
				6B39CC322635C72F009CE71C /* Settings.storyboard in Resources */,
				6B39CC282635C71B009CE71C /* Week.storyboard in Resources */,
				6BB57701263922E600A64D16 /* WeekCategoryView.xib in Resources */,
				6BB577052639234400A64D16 /* WeekCategoryItemCell.xib in Resources */,
				6B39CBA22635B36F009CE71C /* GeneralNavigationView.xib in Resources */,
			);
			runOnlyForDeploymentPostprocessing = 0;
		};
		6B95B185262485A50069EBB0 /* Resources */ = {
			isa = PBXResourcesBuildPhase;
			buildActionMask = 2147483647;
			files = (
			);
			runOnlyForDeploymentPostprocessing = 0;
		};
		6B95B190262485A50069EBB0 /* Resources */ = {
			isa = PBXResourcesBuildPhase;
			buildActionMask = 2147483647;
			files = (
			);
			runOnlyForDeploymentPostprocessing = 0;
		};
/* End PBXResourcesBuildPhase section */

/* Begin PBXShellScriptBuildPhase section */
		124FE1C471283EB829B9FF4F /* [CP] Check Pods Manifest.lock */ = {
			isa = PBXShellScriptBuildPhase;
			buildActionMask = 2147483647;
			files = (
			);
			inputFileListPaths = (
			);
			inputPaths = (
				"${PODS_PODFILE_DIR_PATH}/Podfile.lock",
				"${PODS_ROOT}/Manifest.lock",
			);
			name = "[CP] Check Pods Manifest.lock";
			outputFileListPaths = (
			);
			outputPaths = (
				"$(DERIVED_FILE_DIR)/Pods-toonitooni-checkManifestLockResult.txt",
			);
			runOnlyForDeploymentPostprocessing = 0;
			shellPath = /bin/sh;
			shellScript = "diff \"${PODS_PODFILE_DIR_PATH}/Podfile.lock\" \"${PODS_ROOT}/Manifest.lock\" > /dev/null\nif [ $? != 0 ] ; then\n    # print error to STDERR\n    echo \"error: The sandbox is not in sync with the Podfile.lock. Run 'pod install' or update your CocoaPods installation.\" >&2\n    exit 1\nfi\n# This output is used by Xcode 'outputs' to avoid re-running this script phase.\necho \"SUCCESS\" > \"${SCRIPT_OUTPUT_FILE_0}\"\n";
			showEnvVarsInLog = 0;
		};
		C3E554CBA1F8D6220AAFDF85 /* [CP] Check Pods Manifest.lock */ = {
			isa = PBXShellScriptBuildPhase;
			buildActionMask = 2147483647;
			files = (
			);
			inputFileListPaths = (
			);
			inputPaths = (
				"${PODS_PODFILE_DIR_PATH}/Podfile.lock",
				"${PODS_ROOT}/Manifest.lock",
			);
			name = "[CP] Check Pods Manifest.lock";
			outputFileListPaths = (
			);
			outputPaths = (
				"$(DERIVED_FILE_DIR)/Pods-toonitooni-toonitooniUITests-checkManifestLockResult.txt",
			);
			runOnlyForDeploymentPostprocessing = 0;
			shellPath = /bin/sh;
			shellScript = "diff \"${PODS_PODFILE_DIR_PATH}/Podfile.lock\" \"${PODS_ROOT}/Manifest.lock\" > /dev/null\nif [ $? != 0 ] ; then\n    # print error to STDERR\n    echo \"error: The sandbox is not in sync with the Podfile.lock. Run 'pod install' or update your CocoaPods installation.\" >&2\n    exit 1\nfi\n# This output is used by Xcode 'outputs' to avoid re-running this script phase.\necho \"SUCCESS\" > \"${SCRIPT_OUTPUT_FILE_0}\"\n";
			showEnvVarsInLog = 0;
		};
		EE2B7B8E6F61235BD987E5BC /* [CP] Check Pods Manifest.lock */ = {
			isa = PBXShellScriptBuildPhase;
			buildActionMask = 2147483647;
			files = (
			);
			inputFileListPaths = (
			);
			inputPaths = (
				"${PODS_PODFILE_DIR_PATH}/Podfile.lock",
				"${PODS_ROOT}/Manifest.lock",
			);
			name = "[CP] Check Pods Manifest.lock";
			outputFileListPaths = (
			);
			outputPaths = (
				"$(DERIVED_FILE_DIR)/Pods-toonitooniTests-checkManifestLockResult.txt",
			);
			runOnlyForDeploymentPostprocessing = 0;
			shellPath = /bin/sh;
			shellScript = "diff \"${PODS_PODFILE_DIR_PATH}/Podfile.lock\" \"${PODS_ROOT}/Manifest.lock\" > /dev/null\nif [ $? != 0 ] ; then\n    # print error to STDERR\n    echo \"error: The sandbox is not in sync with the Podfile.lock. Run 'pod install' or update your CocoaPods installation.\" >&2\n    exit 1\nfi\n# This output is used by Xcode 'outputs' to avoid re-running this script phase.\necho \"SUCCESS\" > \"${SCRIPT_OUTPUT_FILE_0}\"\n";
			showEnvVarsInLog = 0;
		};
/* End PBXShellScriptBuildPhase section */

/* Begin PBXSourcesBuildPhase section */
		6B95B16D262485A30069EBB0 /* Sources */ = {
			isa = PBXSourcesBuildPhase;
			buildActionMask = 2147483647;
			files = (
				6BB576FF263922DD00A64D16 /* WeekCategoryView.swift in Sources */,
				6BB577042639234400A64D16 /* WeekCategoryItemCell.swift in Sources */,
				6BB576F02639046600A64D16 /* WeekMenuBarItem.swift in Sources */,
				6B39CC112635C61C009CE71C /* WeekViewController.swift in Sources */,
				6B39CBB62635BAFC009CE71C /* UIImage+Extension.swift in Sources */,
				6BB576EB2639034100A64D16 /* WeekMenuBarView.swift in Sources */,
				6B39CB9A2635B363009CE71C /* GeneralNavigationView.swift in Sources */,
				6B39CBE02635BF1C009CE71C /* BaseCustomView.swift in Sources */,
				6BB577152639499100A64D16 /* WeekWebToonListCell.swift in Sources */,
				6BB576E32638FEBA00A64D16 /* WeekListViewController.swift in Sources */,
				6BB5771C263950F600A64D16 /* WebToon.swift in Sources */,
				6B39CC162635C626009CE71C /* FavoriteViewController.swift in Sources */,
				6B95B2042624981A0069EBB0 /* AppDelegate+Setup.swift in Sources */,
				6B95B175262485A30069EBB0 /* AppDelegate.swift in Sources */,
				6B39CC1B2635C631009CE71C /* SettingsViewController.swift in Sources */,
				6B39CBBF2635BDF5009CE71C /* GeneralHelper.swift in Sources */,
				6BB5771926394B2900A64D16 /* WeekWebToonCell.swift in Sources */,
				6B39CBDB2635BF03009CE71C /* BaseViewController.swift in Sources */,
				6B95B177262485A30069EBB0 /* SceneDelegate.swift in Sources */,
				6B39CBD32635BE9B009CE71C /* TabItem.swift in Sources */,
				6B39CBB02635B9BF009CE71C /* BaseTabBarViewController.swift in Sources */,
				6BB576FB26391D9000A64D16 /* WeekMenuBarItemCell.swift in Sources */,
				6B39CBEA2635C36B009CE71C /* SplashViewController.swift in Sources */,
				6B39CC0C2635C610009CE71C /* HomeViewController.swift in Sources */,
				6BB576F2263909F200A64D16 /* UIView+Extension.swift in Sources */,
				6B39CBF22635C48B009CE71C /* Constants.swift in Sources */,
			);
			runOnlyForDeploymentPostprocessing = 0;
		};
		6B95B183262485A50069EBB0 /* Sources */ = {
			isa = PBXSourcesBuildPhase;
			buildActionMask = 2147483647;
			files = (
				6B95B18C262485A50069EBB0 /* toonitooniTests.swift in Sources */,
			);
			runOnlyForDeploymentPostprocessing = 0;
		};
		6B95B18E262485A50069EBB0 /* Sources */ = {
			isa = PBXSourcesBuildPhase;
			buildActionMask = 2147483647;
			files = (
				6B95B197262485A50069EBB0 /* toonitooniUITests.swift in Sources */,
			);
			runOnlyForDeploymentPostprocessing = 0;
		};
/* End PBXSourcesBuildPhase section */

/* Begin PBXTargetDependency section */
		6B95B189262485A50069EBB0 /* PBXTargetDependency */ = {
			isa = PBXTargetDependency;
			target = 6B95B170262485A30069EBB0 /* toonitooni */;
			targetProxy = 6B95B188262485A50069EBB0 /* PBXContainerItemProxy */;
		};
		6B95B194262485A50069EBB0 /* PBXTargetDependency */ = {
			isa = PBXTargetDependency;
			target = 6B95B170262485A30069EBB0 /* toonitooni */;
			targetProxy = 6B95B193262485A50069EBB0 /* PBXContainerItemProxy */;
		};
/* End PBXTargetDependency section */

/* Begin PBXVariantGroup section */
		6B95B17F262485A40069EBB0 /* LaunchScreen.storyboard */ = {
			isa = PBXVariantGroup;
			children = (
				6B95B180262485A40069EBB0 /* Base */,
			);
			name = LaunchScreen.storyboard;
			sourceTree = "<group>";
		};
/* End PBXVariantGroup section */

/* Begin XCBuildConfiguration section */
		6B95B199262485A50069EBB0 /* Debug */ = {
			isa = XCBuildConfiguration;
			buildSettings = {
				ALWAYS_SEARCH_USER_PATHS = NO;
				CLANG_ANALYZER_NONNULL = YES;
				CLANG_ANALYZER_NUMBER_OBJECT_CONVERSION = YES_AGGRESSIVE;
				CLANG_CXX_LANGUAGE_STANDARD = "gnu++14";
				CLANG_CXX_LIBRARY = "libc++";
				CLANG_ENABLE_MODULES = YES;
				CLANG_ENABLE_OBJC_ARC = YES;
				CLANG_ENABLE_OBJC_WEAK = YES;
				CLANG_WARN_BLOCK_CAPTURE_AUTORELEASING = YES;
				CLANG_WARN_BOOL_CONVERSION = YES;
				CLANG_WARN_COMMA = YES;
				CLANG_WARN_CONSTANT_CONVERSION = YES;
				CLANG_WARN_DEPRECATED_OBJC_IMPLEMENTATIONS = YES;
				CLANG_WARN_DIRECT_OBJC_ISA_USAGE = YES_ERROR;
				CLANG_WARN_DOCUMENTATION_COMMENTS = YES;
				CLANG_WARN_EMPTY_BODY = YES;
				CLANG_WARN_ENUM_CONVERSION = YES;
				CLANG_WARN_INFINITE_RECURSION = YES;
				CLANG_WARN_INT_CONVERSION = YES;
				CLANG_WARN_NON_LITERAL_NULL_CONVERSION = YES;
				CLANG_WARN_OBJC_IMPLICIT_RETAIN_SELF = YES;
				CLANG_WARN_OBJC_LITERAL_CONVERSION = YES;
				CLANG_WARN_OBJC_ROOT_CLASS = YES_ERROR;
				CLANG_WARN_QUOTED_INCLUDE_IN_FRAMEWORK_HEADER = YES;
				CLANG_WARN_RANGE_LOOP_ANALYSIS = YES;
				CLANG_WARN_STRICT_PROTOTYPES = YES;
				CLANG_WARN_SUSPICIOUS_MOVE = YES;
				CLANG_WARN_UNGUARDED_AVAILABILITY = YES_AGGRESSIVE;
				CLANG_WARN_UNREACHABLE_CODE = YES;
				CLANG_WARN__DUPLICATE_METHOD_MATCH = YES;
				COPY_PHASE_STRIP = NO;
				DEBUG_INFORMATION_FORMAT = dwarf;
				ENABLE_STRICT_OBJC_MSGSEND = YES;
				ENABLE_TESTABILITY = YES;
				GCC_C_LANGUAGE_STANDARD = gnu11;
				GCC_DYNAMIC_NO_PIC = NO;
				GCC_NO_COMMON_BLOCKS = YES;
				GCC_OPTIMIZATION_LEVEL = 0;
				GCC_PREPROCESSOR_DEFINITIONS = (
					"DEBUG=1",
					"$(inherited)",
				);
				GCC_WARN_64_TO_32_BIT_CONVERSION = YES;
				GCC_WARN_ABOUT_RETURN_TYPE = YES_ERROR;
				GCC_WARN_UNDECLARED_SELECTOR = YES;
				GCC_WARN_UNINITIALIZED_AUTOS = YES_AGGRESSIVE;
				GCC_WARN_UNUSED_FUNCTION = YES;
				GCC_WARN_UNUSED_VARIABLE = YES;
				IPHONEOS_DEPLOYMENT_TARGET = 14.4;
				MTL_ENABLE_DEBUG_INFO = INCLUDE_SOURCE;
				MTL_FAST_MATH = YES;
				ONLY_ACTIVE_ARCH = YES;
				SDKROOT = iphoneos;
				SWIFT_ACTIVE_COMPILATION_CONDITIONS = DEBUG;
				SWIFT_OPTIMIZATION_LEVEL = "-Onone";
			};
			name = Debug;
		};
		6B95B19A262485A50069EBB0 /* Release */ = {
			isa = XCBuildConfiguration;
			buildSettings = {
				ALWAYS_SEARCH_USER_PATHS = NO;
				CLANG_ANALYZER_NONNULL = YES;
				CLANG_ANALYZER_NUMBER_OBJECT_CONVERSION = YES_AGGRESSIVE;
				CLANG_CXX_LANGUAGE_STANDARD = "gnu++14";
				CLANG_CXX_LIBRARY = "libc++";
				CLANG_ENABLE_MODULES = YES;
				CLANG_ENABLE_OBJC_ARC = YES;
				CLANG_ENABLE_OBJC_WEAK = YES;
				CLANG_WARN_BLOCK_CAPTURE_AUTORELEASING = YES;
				CLANG_WARN_BOOL_CONVERSION = YES;
				CLANG_WARN_COMMA = YES;
				CLANG_WARN_CONSTANT_CONVERSION = YES;
				CLANG_WARN_DEPRECATED_OBJC_IMPLEMENTATIONS = YES;
				CLANG_WARN_DIRECT_OBJC_ISA_USAGE = YES_ERROR;
				CLANG_WARN_DOCUMENTATION_COMMENTS = YES;
				CLANG_WARN_EMPTY_BODY = YES;
				CLANG_WARN_ENUM_CONVERSION = YES;
				CLANG_WARN_INFINITE_RECURSION = YES;
				CLANG_WARN_INT_CONVERSION = YES;
				CLANG_WARN_NON_LITERAL_NULL_CONVERSION = YES;
				CLANG_WARN_OBJC_IMPLICIT_RETAIN_SELF = YES;
				CLANG_WARN_OBJC_LITERAL_CONVERSION = YES;
				CLANG_WARN_OBJC_ROOT_CLASS = YES_ERROR;
				CLANG_WARN_QUOTED_INCLUDE_IN_FRAMEWORK_HEADER = YES;
				CLANG_WARN_RANGE_LOOP_ANALYSIS = YES;
				CLANG_WARN_STRICT_PROTOTYPES = YES;
				CLANG_WARN_SUSPICIOUS_MOVE = YES;
				CLANG_WARN_UNGUARDED_AVAILABILITY = YES_AGGRESSIVE;
				CLANG_WARN_UNREACHABLE_CODE = YES;
				CLANG_WARN__DUPLICATE_METHOD_MATCH = YES;
				COPY_PHASE_STRIP = NO;
				DEBUG_INFORMATION_FORMAT = "dwarf-with-dsym";
				ENABLE_NS_ASSERTIONS = NO;
				ENABLE_STRICT_OBJC_MSGSEND = YES;
				GCC_C_LANGUAGE_STANDARD = gnu11;
				GCC_NO_COMMON_BLOCKS = YES;
				GCC_WARN_64_TO_32_BIT_CONVERSION = YES;
				GCC_WARN_ABOUT_RETURN_TYPE = YES_ERROR;
				GCC_WARN_UNDECLARED_SELECTOR = YES;
				GCC_WARN_UNINITIALIZED_AUTOS = YES_AGGRESSIVE;
				GCC_WARN_UNUSED_FUNCTION = YES;
				GCC_WARN_UNUSED_VARIABLE = YES;
				IPHONEOS_DEPLOYMENT_TARGET = 14.4;
				MTL_ENABLE_DEBUG_INFO = NO;
				MTL_FAST_MATH = YES;
				SDKROOT = iphoneos;
				SWIFT_COMPILATION_MODE = wholemodule;
				SWIFT_OPTIMIZATION_LEVEL = "-O";
				VALIDATE_PRODUCT = YES;
			};
			name = Release;
		};
		6B95B19C262485A50069EBB0 /* Debug */ = {
			isa = XCBuildConfiguration;
			baseConfigurationReference = 0788CE0EFA6CD264F00DD117 /* Pods-toonitooni.debug.xcconfig */;
			buildSettings = {
				ASSETCATALOG_COMPILER_APPICON_NAME = AppIcon;
				ASSETCATALOG_COMPILER_GLOBAL_ACCENT_COLOR_NAME = AccentColor;
				CODE_SIGN_STYLE = Manual;
				DEVELOPMENT_TEAM = "";
				INFOPLIST_FILE = toonitooni/Resources/Info.plist;
				IPHONEOS_DEPLOYMENT_TARGET = 13.0;
				LD_RUNPATH_SEARCH_PATHS = (
					"$(inherited)",
					"@executable_path/Frameworks",
				);
				PRODUCT_BUNDLE_IDENTIFIER = com.jinshine.toonitooni;
				PRODUCT_NAME = "$(TARGET_NAME)";
				PROVISIONING_PROFILE_SPECIFIER = "";
				SWIFT_VERSION = 5.0;
				TARGETED_DEVICE_FAMILY = "1,2";
			};
			name = Debug;
		};
		6B95B19D262485A50069EBB0 /* Release */ = {
			isa = XCBuildConfiguration;
			baseConfigurationReference = AB4B75019FA6F9C3E57E699F /* Pods-toonitooni.release.xcconfig */;
			buildSettings = {
				ASSETCATALOG_COMPILER_APPICON_NAME = AppIcon;
				ASSETCATALOG_COMPILER_GLOBAL_ACCENT_COLOR_NAME = AccentColor;
				CODE_SIGN_STYLE = Manual;
				DEVELOPMENT_TEAM = "";
				INFOPLIST_FILE = toonitooni/Resources/Info.plist;
				IPHONEOS_DEPLOYMENT_TARGET = 13.0;
				LD_RUNPATH_SEARCH_PATHS = (
					"$(inherited)",
					"@executable_path/Frameworks",
				);
				PRODUCT_BUNDLE_IDENTIFIER = com.jinshine.toonitooni;
				PRODUCT_NAME = "$(TARGET_NAME)";
				PROVISIONING_PROFILE_SPECIFIER = "";
				SWIFT_VERSION = 5.0;
				TARGETED_DEVICE_FAMILY = "1,2";
			};
			name = Release;
		};
		6B95B19F262485A50069EBB0 /* Debug */ = {
			isa = XCBuildConfiguration;
			baseConfigurationReference = 5F235FAE4F55C2638EEA3FAF /* Pods-toonitooniTests.debug.xcconfig */;
			buildSettings = {
				ALWAYS_EMBED_SWIFT_STANDARD_LIBRARIES = YES;
				BUNDLE_LOADER = "$(TEST_HOST)";
				CODE_SIGN_STYLE = Automatic;
				DEVELOPMENT_TEAM = CNMQE42DQF;
				INFOPLIST_FILE = toonitooniTests/Info.plist;
				IPHONEOS_DEPLOYMENT_TARGET = 14.4;
				LD_RUNPATH_SEARCH_PATHS = (
					"$(inherited)",
					"@executable_path/Frameworks",
					"@loader_path/Frameworks",
				);
				PRODUCT_BUNDLE_IDENTIFIER = com.jinshine.toonitooniTests;
				PRODUCT_NAME = "$(TARGET_NAME)";
				SWIFT_VERSION = 5.0;
				TARGETED_DEVICE_FAMILY = "1,2";
				TEST_HOST = "$(BUILT_PRODUCTS_DIR)/toonitooni.app/toonitooni";
			};
			name = Debug;
		};
		6B95B1A0262485A50069EBB0 /* Release */ = {
			isa = XCBuildConfiguration;
			baseConfigurationReference = 31C5D72E0A577F83B6F31F17 /* Pods-toonitooniTests.release.xcconfig */;
			buildSettings = {
				ALWAYS_EMBED_SWIFT_STANDARD_LIBRARIES = YES;
				BUNDLE_LOADER = "$(TEST_HOST)";
				CODE_SIGN_STYLE = Automatic;
				DEVELOPMENT_TEAM = CNMQE42DQF;
				INFOPLIST_FILE = toonitooniTests/Info.plist;
				IPHONEOS_DEPLOYMENT_TARGET = 14.4;
				LD_RUNPATH_SEARCH_PATHS = (
					"$(inherited)",
					"@executable_path/Frameworks",
					"@loader_path/Frameworks",
				);
				PRODUCT_BUNDLE_IDENTIFIER = com.jinshine.toonitooniTests;
				PRODUCT_NAME = "$(TARGET_NAME)";
				SWIFT_VERSION = 5.0;
				TARGETED_DEVICE_FAMILY = "1,2";
				TEST_HOST = "$(BUILT_PRODUCTS_DIR)/toonitooni.app/toonitooni";
			};
			name = Release;
		};
		6B95B1A2262485A50069EBB0 /* Debug */ = {
			isa = XCBuildConfiguration;
			baseConfigurationReference = 50CCF8DAC5BAD994B3DBA505 /* Pods-toonitooni-toonitooniUITests.debug.xcconfig */;
			buildSettings = {
				ALWAYS_EMBED_SWIFT_STANDARD_LIBRARIES = YES;
				CODE_SIGN_STYLE = Automatic;
				DEVELOPMENT_TEAM = CNMQE42DQF;
				INFOPLIST_FILE = toonitooniUITests/Info.plist;
				LD_RUNPATH_SEARCH_PATHS = (
					"$(inherited)",
					"@executable_path/Frameworks",
					"@loader_path/Frameworks",
				);
				PRODUCT_BUNDLE_IDENTIFIER = com.jinshine.toonitooniUITests;
				PRODUCT_NAME = "$(TARGET_NAME)";
				SWIFT_VERSION = 5.0;
				TARGETED_DEVICE_FAMILY = "1,2";
				TEST_TARGET_NAME = toonitooni;
			};
			name = Debug;
		};
		6B95B1A3262485A50069EBB0 /* Release */ = {
			isa = XCBuildConfiguration;
			baseConfigurationReference = 5FB993B93002662F89CA77E8 /* Pods-toonitooni-toonitooniUITests.release.xcconfig */;
			buildSettings = {
				ALWAYS_EMBED_SWIFT_STANDARD_LIBRARIES = YES;
				CODE_SIGN_STYLE = Automatic;
				DEVELOPMENT_TEAM = CNMQE42DQF;
				INFOPLIST_FILE = toonitooniUITests/Info.plist;
				LD_RUNPATH_SEARCH_PATHS = (
					"$(inherited)",
					"@executable_path/Frameworks",
					"@loader_path/Frameworks",
				);
				PRODUCT_BUNDLE_IDENTIFIER = com.jinshine.toonitooniUITests;
				PRODUCT_NAME = "$(TARGET_NAME)";
				SWIFT_VERSION = 5.0;
				TARGETED_DEVICE_FAMILY = "1,2";
				TEST_TARGET_NAME = toonitooni;
			};
			name = Release;
		};
/* End XCBuildConfiguration section */

/* Begin XCConfigurationList section */
		6B95B16C262485A30069EBB0 /* Build configuration list for PBXProject "toonitooni" */ = {
			isa = XCConfigurationList;
			buildConfigurations = (
				6B95B199262485A50069EBB0 /* Debug */,
				6B95B19A262485A50069EBB0 /* Release */,
			);
			defaultConfigurationIsVisible = 0;
			defaultConfigurationName = Release;
		};
		6B95B19B262485A50069EBB0 /* Build configuration list for PBXNativeTarget "toonitooni" */ = {
			isa = XCConfigurationList;
			buildConfigurations = (
				6B95B19C262485A50069EBB0 /* Debug */,
				6B95B19D262485A50069EBB0 /* Release */,
			);
			defaultConfigurationIsVisible = 0;
			defaultConfigurationName = Release;
		};
		6B95B19E262485A50069EBB0 /* Build configuration list for PBXNativeTarget "toonitooniTests" */ = {
			isa = XCConfigurationList;
			buildConfigurations = (
				6B95B19F262485A50069EBB0 /* Debug */,
				6B95B1A0262485A50069EBB0 /* Release */,
			);
			defaultConfigurationIsVisible = 0;
			defaultConfigurationName = Release;
		};
		6B95B1A1262485A50069EBB0 /* Build configuration list for PBXNativeTarget "toonitooniUITests" */ = {
			isa = XCConfigurationList;
			buildConfigurations = (
				6B95B1A2262485A50069EBB0 /* Debug */,
				6B95B1A3262485A50069EBB0 /* Release */,
			);
			defaultConfigurationIsVisible = 0;
			defaultConfigurationName = Release;
		};
/* End XCConfigurationList section */
	};
	rootObject = 6B95B169262485A30069EBB0 /* Project object */;
}
